
Microsoft Visual Studio Solution File, Format Version 12.00
# Visual Studio Version 16
VisualStudioVersion = 16.0.30804.86
MinimumVisualStudioVersion = 10.0.40219.1
Project("{FAE04EC0-301F-11D3-BF4B-00C04F79EFBC}") = "Library Management System", "Library Management System\Library Management System.csproj", "{DC0CD57E-81EB-44FE-9A3D-2CB561A98140}"
EndProject
Global
	GlobalSection(SolutionConfigurationPlatforms) = preSolution
		Debug|Any CPU = Debug|Any CPU
		Release|Any CPU = Release|Any CPU
	EndGlobalSection
	GlobalSection(ProjectConfigurationPlatforms) = postSolution
		{DC0CD57E-81EB-44FE-9A3D-2CB561A98140}.Debug|Any CPU.ActiveCfg = Debug|Any CPU
		{DC0CD57E-81EB-44FE-9A3D-2CB561A98140}.Debug|Any CPU.Build.0 = Debug|Any CPU
		{DC0CD57E-81EB-44FE-9A3D-2CB561A98140}.Release|Any CPU.ActiveCfg = Release|Any CPU
		{DC0CD57E-81EB-44FE-9A3D-2CB561A98140}.Release|Any CPU.Build.0 = Release|Any CPU
	EndGlobalSection
	GlobalSection(SolutionProperties) = preSolution
		HideSolutionNode = FALSE
	EndGlobalSection
	GlobalSection(ExtensibilityGlobals) = postSolution
		SolutionGuid = {19998F34-2FC7-45AF-94FF-B6335729BF43}
	EndGlobalSection
EndGlobal
